// !$*UTF8*$!
{
	archiveVersion = 1;
	classes = {
	};
	objectVersion = 77;
	objects = {

/* Begin PBXBuildFile section */
		3BD187362D2F774B006D2C1F /* FirebaseCore in Frameworks */ = {isa = PBXBuildFile; productRef = 3BD187352D2F774B006D2C1F /* FirebaseCore */; };
		3BD187382D2F774B006D2C1F /* FirebaseMessaging in Frameworks */ = {isa = PBXBuildFile; productRef = 3BD187372D2F774B006D2C1F /* FirebaseMessaging */; };
		3BD1873B2D2F7794006D2C1F /* KakaoSDKAuth in Frameworks */ = {isa = PBXBuildFile; productRef = 3BD1873A2D2F7794006D2C1F /* KakaoSDKAuth */; };
		3BD1873D2D2F7794006D2C1F /* KakaoSDKCommon in Frameworks */ = {isa = PBXBuildFile; productRef = 3BD1873C2D2F7794006D2C1F /* KakaoSDKCommon */; };
		3BD1873F2D2F7794006D2C1F /* KakaoSDKUser in Frameworks */ = {isa = PBXBuildFile; productRef = 3BD1873E2D2F7794006D2C1F /* KakaoSDKUser */; };
		3BD187422D2F7842006D2C1F /* Kingfisher in Frameworks */ = {isa = PBXBuildFile; productRef = 3BD187412D2F7842006D2C1F /* Kingfisher */; };
/* End PBXBuildFile section */

/* Begin PBXFileReference section */
		3BD1851C2D2F7674006D2C1F /* ToucheeseMVP.app */ = {isa = PBXFileReference; explicitFileType = wrapper.application; includeInIndex = 0; path = ToucheeseMVP.app; sourceTree = BUILT_PRODUCTS_DIR; };
/* End PBXFileReference section */

/* Begin PBXFileSystemSynchronizedBuildFileExceptionSet section */
		3BD1885D2D2F7AA9006D2C1F /* Exceptions for "ToucheeseMVP" folder in "ToucheeseMVP" target */ = {
			isa = PBXFileSystemSynchronizedBuildFileExceptionSet;
			membershipExceptions = (
				Resources/Info.plist,
			);
			target = 3BD1851B2D2F7674006D2C1F /* ToucheeseMVP */;
		};
/* End PBXFileSystemSynchronizedBuildFileExceptionSet section */

/* Begin PBXFileSystemSynchronizedRootGroup section */
		3BD1851E2D2F7674006D2C1F /* ToucheeseMVP */ = {
			isa = PBXFileSystemSynchronizedRootGroup;
			exceptions = (
				3BD1885D2D2F7AA9006D2C1F /* Exceptions for "ToucheeseMVP" folder in "ToucheeseMVP" target */,
			);
			path = ToucheeseMVP;
			sourceTree = "<group>";
		};
/* End PBXFileSystemSynchronizedRootGroup section */

/* Begin PBXFrameworksBuildPhase section */
		3BD185192D2F7674006D2C1F /* Frameworks */ = {
			isa = PBXFrameworksBuildPhase;
			buildActionMask = 2147483647;
			files = (
				3BD187422D2F7842006D2C1F /* Kingfisher in Frameworks */,
				3BD1873D2D2F7794006D2C1F /* KakaoSDKCommon in Frameworks */,
				3BD187382D2F774B006D2C1F /* FirebaseMessaging in Frameworks */,
				3BD187362D2F774B006D2C1F /* FirebaseCore in Frameworks */,
				3BD1873F2D2F7794006D2C1F /* KakaoSDKUser in Frameworks */,
				3BD1873B2D2F7794006D2C1F /* KakaoSDKAuth in Frameworks */,
			);
			runOnlyForDeploymentPostprocessing = 0;
		};
/* End PBXFrameworksBuildPhase section */

/* Begin PBXGroup section */
		3BD185132D2F7674006D2C1F = {
			isa = PBXGroup;
			children = (
				3BD1851E2D2F7674006D2C1F /* ToucheeseMVP */,
				3BD1851D2D2F7674006D2C1F /* Products */,
			);
			sourceTree = "<group>";
		};
		3BD1851D2D2F7674006D2C1F /* Products */ = {
			isa = PBXGroup;
			children = (
				3BD1851C2D2F7674006D2C1F /* ToucheeseMVP.app */,
			);
			name = Products;
			sourceTree = "<group>";
		};
/* End PBXGroup section */

/* Begin PBXNativeTarget section */
		3BD1851B2D2F7674006D2C1F /* ToucheeseMVP */ = {
			isa = PBXNativeTarget;
			buildConfigurationList = 3BD1852A2D2F7675006D2C1F /* Build configuration list for PBXNativeTarget "ToucheeseMVP" */;
			buildPhases = (
				3BD185182D2F7674006D2C1F /* Sources */,
				3BD185192D2F7674006D2C1F /* Frameworks */,
				3BD1851A2D2F7674006D2C1F /* Resources */,
			);
			buildRules = (
			);
			dependencies = (
			);
			fileSystemSynchronizedGroups = (
				3BD1851E2D2F7674006D2C1F /* ToucheeseMVP */,
			);
			name = ToucheeseMVP;
			packageProductDependencies = (
				3BD187352D2F774B006D2C1F /* FirebaseCore */,
				3BD187372D2F774B006D2C1F /* FirebaseMessaging */,
				3BD1873A2D2F7794006D2C1F /* KakaoSDKAuth */,
				3BD1873C2D2F7794006D2C1F /* KakaoSDKCommon */,
				3BD1873E2D2F7794006D2C1F /* KakaoSDKUser */,
				3BD187412D2F7842006D2C1F /* Kingfisher */,
			);
			productName = ToucheeseMVP;
			productReference = 3BD1851C2D2F7674006D2C1F /* ToucheeseMVP.app */;
			productType = "com.apple.product-type.application";
		};
/* End PBXNativeTarget section */

/* Begin PBXProject section */
		3BD185142D2F7674006D2C1F /* Project object */ = {
			isa = PBXProject;
			attributes = {
				BuildIndependentTargetsInParallel = 1;
				LastSwiftUpdateCheck = 1600;
				LastUpgradeCheck = 1600;
				TargetAttributes = {
					3BD1851B2D2F7674006D2C1F = {
						CreatedOnToolsVersion = 16.0;
					};
				};
			};
			buildConfigurationList = 3BD185172D2F7674006D2C1F /* Build configuration list for PBXProject "ToucheeseMVP" */;
			developmentRegion = en;
			hasScannedForEncodings = 0;
			knownRegions = (
				en,
				Base,
			);
			mainGroup = 3BD185132D2F7674006D2C1F;
			minimizedProjectReferenceProxies = 1;
			packageReferences = (
				3BD187342D2F774B006D2C1F /* XCRemoteSwiftPackageReference "firebase-ios-sdk" */,
				3BD187392D2F7794006D2C1F /* XCRemoteSwiftPackageReference "kakao-ios-sdk" */,
				3BD187402D2F7842006D2C1F /* XCRemoteSwiftPackageReference "Kingfisher" */,
			);
			preferredProjectObjectVersion = 77;
			productRefGroup = 3BD1851D2D2F7674006D2C1F /* Products */;
			projectDirPath = "";
			projectRoot = "";
			targets = (
				3BD1851B2D2F7674006D2C1F /* ToucheeseMVP */,
			);
		};
/* End PBXProject section */

/* Begin PBXResourcesBuildPhase section */
		3BD1851A2D2F7674006D2C1F /* Resources */ = {
			isa = PBXResourcesBuildPhase;
			buildActionMask = 2147483647;
			files = (
			);
			runOnlyForDeploymentPostprocessing = 0;
		};
/* End PBXResourcesBuildPhase section */

/* Begin PBXSourcesBuildPhase section */
		3BD185182D2F7674006D2C1F /* Sources */ = {
			isa = PBXSourcesBuildPhase;
			buildActionMask = 2147483647;
			files = (
			);
			runOnlyForDeploymentPostprocessing = 0;
		};
/* End PBXSourcesBuildPhase section */

/* Begin XCBuildConfiguration section */
		3BD185282D2F7675006D2C1F /* Debug */ = {
			isa = XCBuildConfiguration;
			baseConfigurationReferenceAnchor = 3BD1851E2D2F7674006D2C1F /* ToucheeseMVP */;
			baseConfigurationReferenceRelativePath = Resources/Secrets.xcconfig;
			buildSettings = {
				ALWAYS_SEARCH_USER_PATHS = NO;
				ASSETCATALOG_COMPILER_GENERATE_SWIFT_ASSET_SYMBOL_EXTENSIONS = YES;
				CLANG_ANALYZER_NONNULL = YES;
				CLANG_ANALYZER_NUMBER_OBJECT_CONVERSION = YES_AGGRESSIVE;
				CLANG_CXX_LANGUAGE_STANDARD = "gnu++20";
				CLANG_ENABLE_MODULES = YES;
				CLANG_ENABLE_OBJC_ARC = YES;
				CLANG_ENABLE_OBJC_WEAK = YES;
				CLANG_WARN_BLOCK_CAPTURE_AUTORELEASING = YES;
				CLANG_WARN_BOOL_CONVERSION = YES;
				CLANG_WARN_COMMA = YES;
				CLANG_WARN_CONSTANT_CONVERSION = YES;
				CLANG_WARN_DEPRECATED_OBJC_IMPLEMENTATIONS = YES;
				CLANG_WARN_DIRECT_OBJC_ISA_USAGE = YES_ERROR;
				CLANG_WARN_DOCUMENTATION_COMMENTS = YES;
				CLANG_WARN_EMPTY_BODY = YES;
				CLANG_WARN_ENUM_CONVERSION = YES;
				CLANG_WARN_INFINITE_RECURSION = YES;
				CLANG_WARN_INT_CONVERSION = YES;
				CLANG_WARN_NON_LITERAL_NULL_CONVERSION = YES;
				CLANG_WARN_OBJC_IMPLICIT_RETAIN_SELF = YES;
				CLANG_WARN_OBJC_LITERAL_CONVERSION = YES;
				CLANG_WARN_OBJC_ROOT_CLASS = YES_ERROR;
				CLANG_WARN_QUOTED_INCLUDE_IN_FRAMEWORK_HEADER = YES;
				CLANG_WARN_RANGE_LOOP_ANALYSIS = YES;
				CLANG_WARN_STRICT_PROTOTYPES = YES;
				CLANG_WARN_SUSPICIOUS_MOVE = YES;
				CLANG_WARN_UNGUARDED_AVAILABILITY = YES_AGGRESSIVE;
				CLANG_WARN_UNREACHABLE_CODE = YES;
				CLANG_WARN__DUPLICATE_METHOD_MATCH = YES;
				COPY_PHASE_STRIP = NO;
				DEBUG_INFORMATION_FORMAT = dwarf;
				ENABLE_STRICT_OBJC_MSGSEND = YES;
				ENABLE_TESTABILITY = YES;
				ENABLE_USER_SCRIPT_SANDBOXING = YES;
				GCC_C_LANGUAGE_STANDARD = gnu17;
				GCC_DYNAMIC_NO_PIC = NO;
				GCC_NO_COMMON_BLOCKS = YES;
				GCC_OPTIMIZATION_LEVEL = 0;
				GCC_PREPROCESSOR_DEFINITIONS = (
					"DEBUG=1",
					"$(inherited)",
				);
				GCC_WARN_64_TO_32_BIT_CONVERSION = YES;
				GCC_WARN_ABOUT_RETURN_TYPE = YES_ERROR;
				GCC_WARN_UNDECLARED_SELECTOR = YES;
				GCC_WARN_UNINITIALIZED_AUTOS = YES_AGGRESSIVE;
				GCC_WARN_UNUSED_FUNCTION = YES;
				GCC_WARN_UNUSED_VARIABLE = YES;
				IPHONEOS_DEPLOYMENT_TARGET = 18.0;
				LOCALIZATION_PREFERS_STRING_CATALOGS = YES;
				MTL_ENABLE_DEBUG_INFO = INCLUDE_SOURCE;
				MTL_FAST_MATH = YES;
				ONLY_ACTIVE_ARCH = YES;
				SDKROOT = iphoneos;
				SWIFT_ACTIVE_COMPILATION_CONDITIONS = "DEBUG $(inherited)";
				SWIFT_OPTIMIZATION_LEVEL = "-Onone";
			};
			name = Debug;
		};
		3BD185292D2F7675006D2C1F /* Release */ = {
			isa = XCBuildConfiguration;
			baseConfigurationReferenceAnchor = 3BD1851E2D2F7674006D2C1F /* ToucheeseMVP */;
			baseConfigurationReferenceRelativePath = Resources/Secrets.xcconfig;
			buildSettings = {
				ALWAYS_SEARCH_USER_PATHS = NO;
				ASSETCATALOG_COMPILER_GENERATE_SWIFT_ASSET_SYMBOL_EXTENSIONS = YES;
				CLANG_ANALYZER_NONNULL = YES;
				CLANG_ANALYZER_NUMBER_OBJECT_CONVERSION = YES_AGGRESSIVE;
				CLANG_CXX_LANGUAGE_STANDARD = "gnu++20";
				CLANG_ENABLE_MODULES = YES;
				CLANG_ENABLE_OBJC_ARC = YES;
				CLANG_ENABLE_OBJC_WEAK = YES;
				CLANG_WARN_BLOCK_CAPTURE_AUTORELEASING = YES;
				CLANG_WARN_BOOL_CONVERSION = YES;
				CLANG_WARN_COMMA = YES;
				CLANG_WARN_CONSTANT_CONVERSION = YES;
				CLANG_WARN_DEPRECATED_OBJC_IMPLEMENTATIONS = YES;
				CLANG_WARN_DIRECT_OBJC_ISA_USAGE = YES_ERROR;
				CLANG_WARN_DOCUMENTATION_COMMENTS = YES;
				CLANG_WARN_EMPTY_BODY = YES;
				CLANG_WARN_ENUM_CONVERSION = YES;
				CLANG_WARN_INFINITE_RECURSION = YES;
				CLANG_WARN_INT_CONVERSION = YES;
				CLANG_WARN_NON_LITERAL_NULL_CONVERSION = YES;
				CLANG_WARN_OBJC_IMPLICIT_RETAIN_SELF = YES;
				CLANG_WARN_OBJC_LITERAL_CONVERSION = YES;
				CLANG_WARN_OBJC_ROOT_CLASS = YES_ERROR;
				CLANG_WARN_QUOTED_INCLUDE_IN_FRAMEWORK_HEADER = YES;
				CLANG_WARN_RANGE_LOOP_ANALYSIS = YES;
				CLANG_WARN_STRICT_PROTOTYPES = YES;
				CLANG_WARN_SUSPICIOUS_MOVE = YES;
				CLANG_WARN_UNGUARDED_AVAILABILITY = YES_AGGRESSIVE;
				CLANG_WARN_UNREACHABLE_CODE = YES;
				CLANG_WARN__DUPLICATE_METHOD_MATCH = YES;
				COPY_PHASE_STRIP = NO;
				DEBUG_INFORMATION_FORMAT = "dwarf-with-dsym";
				ENABLE_NS_ASSERTIONS = NO;
				ENABLE_STRICT_OBJC_MSGSEND = YES;
				ENABLE_USER_SCRIPT_SANDBOXING = YES;
				GCC_C_LANGUAGE_STANDARD = gnu17;
				GCC_NO_COMMON_BLOCKS = YES;
				GCC_WARN_64_TO_32_BIT_CONVERSION = YES;
				GCC_WARN_ABOUT_RETURN_TYPE = YES_ERROR;
				GCC_WARN_UNDECLARED_SELECTOR = YES;
				GCC_WARN_UNINITIALIZED_AUTOS = YES_AGGRESSIVE;
				GCC_WARN_UNUSED_FUNCTION = YES;
				GCC_WARN_UNUSED_VARIABLE = YES;
				IPHONEOS_DEPLOYMENT_TARGET = 18.0;
				LOCALIZATION_PREFERS_STRING_CATALOGS = YES;
				MTL_ENABLE_DEBUG_INFO = NO;
				MTL_FAST_MATH = YES;
				SDKROOT = iphoneos;
				SWIFT_COMPILATION_MODE = wholemodule;
				VALIDATE_PRODUCT = YES;
			};
			name = Release;
		};
		3BD1852B2D2F7675006D2C1F /* Debug */ = {
			isa = XCBuildConfiguration;
			baseConfigurationReferenceAnchor = 3BD1851E2D2F7674006D2C1F /* ToucheeseMVP */;
			baseConfigurationReferenceRelativePath = Resources/Secrets.xcconfig;
			buildSettings = {
				ASSETCATALOG_COMPILER_APPICON_NAME = AppIcon;
				ASSETCATALOG_COMPILER_GLOBAL_ACCENT_COLOR_NAME = AccentColor;
				CODE_SIGN_ENTITLEMENTS = ToucheeseMVP/Resources/ToucheeseMVP.entitlements;
				CODE_SIGN_STYLE = Automatic;
				CURRENT_PROJECT_VERSION = 1;
				DEVELOPMENT_ASSET_PATHS = "\"ToucheeseMVP/Resources/Preview Content\"";
				DEVELOPMENT_TEAM = XUZ4CWYRGJ;
				ENABLE_PREVIEWS = YES;
				GENERATE_INFOPLIST_FILE = YES;
				INFOPLIST_FILE = ToucheeseMVP/Resources/Info.plist;
				INFOPLIST_KEY_UIApplicationSceneManifest_Generation = YES;
				INFOPLIST_KEY_UIApplicationSupportsIndirectInputEvents = YES;
				INFOPLIST_KEY_UILaunchScreen_Generation = YES;
				INFOPLIST_KEY_UISupportedInterfaceOrientations = UIInterfaceOrientationPortrait;
				INFOPLIST_KEY_UISupportedInterfaceOrientations_iPad = "UIInterfaceOrientationLandscapeLeft UIInterfaceOrientationLandscapeRight UIInterfaceOrientationPortrait UIInterfaceOrientationPortraitUpsideDown";
				IPHONEOS_DEPLOYMENT_TARGET = 16.0;
				LD_RUNPATH_SEARCH_PATHS = (
					"$(inherited)",
					"@executable_path/Frameworks",
				);
				MARKETING_VERSION = 1.0;
				PRODUCT_BUNDLE_IDENTIFIER = com.Toucheese.ToucheeseMVP;
				PRODUCT_NAME = "$(TARGET_NAME)";
				SUPPORTED_PLATFORMS = "iphoneos iphonesimulator";
				SUPPORTS_MACCATALYST = NO;
				SUPPORTS_MAC_DESIGNED_FOR_IPHONE_IPAD = NO;
				SUPPORTS_XR_DESIGNED_FOR_IPHONE_IPAD = NO;
				SWIFT_EMIT_LOC_STRINGS = YES;
				SWIFT_VERSION = 5.0;
				TARGETED_DEVICE_FAMILY = 1;
			};
			name = Debug;
		};
		3BD1852C2D2F7675006D2C1F /* Release */ = {
			isa = XCBuildConfiguration;
			baseConfigurationReferenceAnchor = 3BD1851E2D2F7674006D2C1F /* ToucheeseMVP */;
			baseConfigurationReferenceRelativePath = Resources/Secrets.xcconfig;
			buildSettings = {
				ASSETCATALOG_COMPILER_APPICON_NAME = AppIcon;
				ASSETCATALOG_COMPILER_GLOBAL_ACCENT_COLOR_NAME = AccentColor;
				CODE_SIGN_ENTITLEMENTS = ToucheeseMVP/Resources/ToucheeseMVP.entitlements;
				CODE_SIGN_STYLE = Automatic;
				CURRENT_PROJECT_VERSION = 1;
				DEVELOPMENT_ASSET_PATHS = "\"ToucheeseMVP/Resources/Preview Content\"";
				DEVELOPMENT_TEAM = XUZ4CWYRGJ;
				ENABLE_PREVIEWS = YES;
				GENERATE_INFOPLIST_FILE = YES;
				INFOPLIST_FILE = ToucheeseMVP/Resources/Info.plist;
				INFOPLIST_KEY_UIApplicationSceneManifest_Generation = YES;
				INFOPLIST_KEY_UIApplicationSupportsIndirectInputEvents = YES;
				INFOPLIST_KEY_UILaunchScreen_Generation = YES;
				INFOPLIST_KEY_UISupportedInterfaceOrientations = UIInterfaceOrientationPortrait;
				INFOPLIST_KEY_UISupportedInterfaceOrientations_iPad = "UIInterfaceOrientationLandscapeLeft UIInterfaceOrientationLandscapeRight UIInterfaceOrientationPortrait UIInterfaceOrientationPortraitUpsideDown";
				IPHONEOS_DEPLOYMENT_TARGET = 16.0;
				LD_RUNPATH_SEARCH_PATHS = (
					"$(inherited)",
					"@executable_path/Frameworks",
				);
				MARKETING_VERSION = 1.0;
				PRODUCT_BUNDLE_IDENTIFIER = com.Toucheese.ToucheeseMVP;
				PRODUCT_NAME = "$(TARGET_NAME)";
				SUPPORTED_PLATFORMS = "iphoneos iphonesimulator";
				SUPPORTS_MACCATALYST = NO;
				SUPPORTS_MAC_DESIGNED_FOR_IPHONE_IPAD = NO;
				SUPPORTS_XR_DESIGNED_FOR_IPHONE_IPAD = NO;
				SWIFT_EMIT_LOC_STRINGS = YES;
				SWIFT_VERSION = 5.0;
				TARGETED_DEVICE_FAMILY = 1;
			};
			name = Release;
		};
/* End XCBuildConfiguration section */

/* Begin XCConfigurationList section */
		3BD185172D2F7674006D2C1F /* Build configuration list for PBXProject "ToucheeseMVP" */ = {
			isa = XCConfigurationList;
			buildConfigurations = (
				3BD185282D2F7675006D2C1F /* Debug */,
				3BD185292D2F7675006D2C1F /* Release */,
			);
			defaultConfigurationIsVisible = 0;
			defaultConfigurationName = Release;
		};
		3BD1852A2D2F7675006D2C1F /* Build configuration list for PBXNativeTarget "ToucheeseMVP" */ = {
			isa = XCConfigurationList;
			buildConfigurations = (
				3BD1852B2D2F7675006D2C1F /* Debug */,
				3BD1852C2D2F7675006D2C1F /* Release */,
			);
			defaultConfigurationIsVisible = 0;
			defaultConfigurationName = Release;
		};
/* End XCConfigurationList section */

/* Begin XCRemoteSwiftPackageReference section */
		3BD187342D2F774B006D2C1F /* XCRemoteSwiftPackageReference "firebase-ios-sdk" */ = {
			isa = XCRemoteSwiftPackageReference;
			repositoryURL = "https://github.com/firebase/firebase-ios-sdk";
			requirement = {
				kind = upToNextMajorVersion;
				minimumVersion = 11.6.0;
			};
		};
		3BD187392D2F7794006D2C1F /* XCRemoteSwiftPackageReference "kakao-ios-sdk" */ = {
			isa = XCRemoteSwiftPackageReference;
			repositoryURL = "https://github.com/kakao/kakao-ios-sdk";
			requirement = {
				kind = upToNextMajorVersion;
				minimumVersion = 2.23.0;
			};
		};
		3BD187402D2F7842006D2C1F /* XCRemoteSwiftPackageReference "Kingfisher" */ = {
			isa = XCRemoteSwiftPackageReference;
			repositoryURL = "https://github.com/onevcat/Kingfisher";
			requirement = {
				kind = upToNextMajorVersion;
				minimumVersion = 8.1.3;
			};
		};
/* End XCRemoteSwiftPackageReference section */

/* Begin XCSwiftPackageProductDependency section */
		3BD187352D2F774B006D2C1F /* FirebaseCore */ = {
			isa = XCSwiftPackageProductDependency;
			package = 3BD187342D2F774B006D2C1F /* XCRemoteSwiftPackageReference "firebase-ios-sdk" */;
			productName = FirebaseCore;
		};
		3BD187372D2F774B006D2C1F /* FirebaseMessaging */ = {
			isa = XCSwiftPackageProductDependency;
			package = 3BD187342D2F774B006D2C1F /* XCRemoteSwiftPackageReference "firebase-ios-sdk" */;
			productName = FirebaseMessaging;
		};
		3BD1873A2D2F7794006D2C1F /* KakaoSDKAuth */ = {
			isa = XCSwiftPackageProductDependency;
			package = 3BD187392D2F7794006D2C1F /* XCRemoteSwiftPackageReference "kakao-ios-sdk" */;
			productName = KakaoSDKAuth;
		};
		3BD1873C2D2F7794006D2C1F /* KakaoSDKCommon */ = {
			isa = XCSwiftPackageProductDependency;
			package = 3BD187392D2F7794006D2C1F /* XCRemoteSwiftPackageReference "kakao-ios-sdk" */;
			productName = KakaoSDKCommon;
		};
		3BD1873E2D2F7794006D2C1F /* KakaoSDKUser */ = {
			isa = XCSwiftPackageProductDependency;
			package = 3BD187392D2F7794006D2C1F /* XCRemoteSwiftPackageReference "kakao-ios-sdk" */;
			productName = KakaoSDKUser;
		};
		3BD187412D2F7842006D2C1F /* Kingfisher */ = {
			isa = XCSwiftPackageProductDependency;
			package = 3BD187402D2F7842006D2C1F /* XCRemoteSwiftPackageReference "Kingfisher" */;
			productName = Kingfisher;
		};
/* End XCSwiftPackageProductDependency section */
	};
	rootObject = 3BD185142D2F7674006D2C1F /* Project object */;
}
